
Microsoft Visual Studio Solution File, Format Version 12.00
# Visual Studio 15
VisualStudioVersion = 15.0.28010.2048
MinimumVisualStudioVersion = 10.0.40219.1
Project("{FAE04EC0-301F-11D3-BF4B-00C04F79EFBC}") = "WorldConverter", "WorldConverter\WorldConverter.csproj", "{97A6742E-6985-4D5A-B898-99F0430559CD}"
EndProject
Global
	GlobalSection(SolutionConfigurationPlatforms) = preSolution
		Debug|Any CPU = Debug|Any CPU
		Release|Any CPU = Release|Any CPU
	EndGlobalSection
	GlobalSection(ProjectConfigurationPlatforms) = postSolution
		{97A6742E-6985-4D5A-B898-99F0430559CD}.Debug|Any CPU.ActiveCfg = Debug|Any CPU
		{97A6742E-6985-4D5A-B898-99F0430559CD}.Debug|Any CPU.Build.0 = Debug|Any CPU
		{97A6742E-6985-4D5A-B898-99F0430559CD}.Release|Any CPU.ActiveCfg = Release|Any CPU
		{97A6742E-6985-4D5A-B898-99F0430559CD}.Release|Any CPU.Build.0 = Release|Any CPU
	EndGlobalSection
	GlobalSection(SolutionProperties) = preSolution
		HideSolutionNode = FALSE
	EndGlobalSection
	GlobalSection(ExtensibilityGlobals) = postSolution
		SolutionGuid = {0D9E5D21-16C5-4C3A-925D-C5F36FCA982F}
	EndGlobalSection
EndGlobal
